
Microsoft Visual Studio Solution File, Format Version 12.00
# Visual Studio Version 17
VisualStudioVersion = 17.5.33424.131
MinimumVisualStudioVersion = 10.0.40219.1
Project("{FAE04EC0-301F-11D3-BF4B-00C04F79EFBC}") = "DatabaseAPI", "DatabaseAPI\DatabaseAPI.csproj", "{7A296AC5-1C86-4032-828F-69F12AAAB687}"
EndProject
Global
	GlobalSection(SolutionConfigurationPlatforms) = preSolution
		Debug|Any CPU = Debug|Any CPU
		Release|Any CPU = Release|Any CPU
	EndGlobalSection
	GlobalSection(ProjectConfigurationPlatforms) = postSolution
		{7A296AC5-1C86-4032-828F-69F12AAAB687}.Debug|Any CPU.ActiveCfg = Debug|Any CPU
		{7A296AC5-1C86-4032-828F-69F12AAAB687}.Debug|Any CPU.Build.0 = Debug|Any CPU
		{7A296AC5-1C86-4032-828F-69F12AAAB687}.Release|Any CPU.ActiveCfg = Release|Any CPU
		{7A296AC5-1C86-4032-828F-69F12AAAB687}.Release|Any CPU.Build.0 = Release|Any CPU
	EndGlobalSection
	GlobalSection(SolutionProperties) = preSolution
		HideSolutionNode = FALSE
	EndGlobalSection
	GlobalSection(ExtensibilityGlobals) = postSolution
		SolutionGuid = {5D318081-2453-40C9-89AA-D5C3B57AADB4}
	EndGlobalSection
EndGlobal
