
Microsoft Visual Studio Solution File, Format Version 12.00
# Visual Studio Version 17
VisualStudioVersion = 17.5.33516.290
MinimumVisualStudioVersion = 10.0.40219.1
Project("{FAE04EC0-301F-11D3-BF4B-00C04F79EFBC}") = "Employeedatabase", "Employeedatabase\Employeedatabase.csproj", "{DEFECC2C-0D6F-4909-B0DC-768C21F63182}"
EndProject
Global
	GlobalSection(SolutionConfigurationPlatforms) = preSolution
		Debug|Any CPU = Debug|Any CPU
		Release|Any CPU = Release|Any CPU
	EndGlobalSection
	GlobalSection(ProjectConfigurationPlatforms) = postSolution
		{DEFECC2C-0D6F-4909-B0DC-768C21F63182}.Debug|Any CPU.ActiveCfg = Debug|Any CPU
		{DEFECC2C-0D6F-4909-B0DC-768C21F63182}.Debug|Any CPU.Build.0 = Debug|Any CPU
		{DEFECC2C-0D6F-4909-B0DC-768C21F63182}.Release|Any CPU.ActiveCfg = Release|Any CPU
		{DEFECC2C-0D6F-4909-B0DC-768C21F63182}.Release|Any CPU.Build.0 = Release|Any CPU
	EndGlobalSection
	GlobalSection(SolutionProperties) = preSolution
		HideSolutionNode = FALSE
	EndGlobalSection
	GlobalSection(ExtensibilityGlobals) = postSolution
		SolutionGuid = {E15B4E42-748B-4465-9138-50C223CA1871}
	EndGlobalSection
EndGlobal
