
Microsoft Visual Studio Solution File, Format Version 12.00
# Visual Studio Version 17
VisualStudioVersion = 17.5.33516.290
MinimumVisualStudioVersion = 10.0.40219.1
Project("{9A19103F-16F7-4668-BE54-9A1E7A4F7556}") = "AbbyWeb", "AbbyWeb\AbbyWeb.csproj", "{DC055828-A212-42BA-A7F6-6C7B7EED622F}"
EndProject
Global
	GlobalSection(SolutionConfigurationPlatforms) = preSolution
		Debug|Any CPU = Debug|Any CPU
		Release|Any CPU = Release|Any CPU
	EndGlobalSection
	GlobalSection(ProjectConfigurationPlatforms) = postSolution
		{DC055828-A212-42BA-A7F6-6C7B7EED622F}.Debug|Any CPU.ActiveCfg = Debug|Any CPU
		{DC055828-A212-42BA-A7F6-6C7B7EED622F}.Debug|Any CPU.Build.0 = Debug|Any CPU
		{DC055828-A212-42BA-A7F6-6C7B7EED622F}.Release|Any CPU.ActiveCfg = Release|Any CPU
		{DC055828-A212-42BA-A7F6-6C7B7EED622F}.Release|Any CPU.Build.0 = Release|Any CPU
	EndGlobalSection
	GlobalSection(SolutionProperties) = preSolution
		HideSolutionNode = FALSE
	EndGlobalSection
	GlobalSection(ExtensibilityGlobals) = postSolution
		SolutionGuid = {8851CD11-4534-473A-ACE8-CFDC978161F9}
	EndGlobalSection
EndGlobal
